Lr! D�CDD�R3�91!4�!!H,@�D@�-���yhrG���i���M�z�"�}t޷��[�vm�����"���ɪ�H�o�m�����i���{`Ϳ5u�_�n�y����w��}7덻ۇ�u�ۭ����슉��J޲�oy�m��?�����k�&��� r��i��z����ۭ���]-�7t��nz�~���z{�6{������x��|�����n��j�t�KޮȨ�M4��(�����i���z����j��(�����n��j������n��j�~�M-�6��}�Zu�����{�[חw��彟��[��q�m�]�i���5�F�q�m�]���슉��z޲�oy�m��?�����k�&��� r��i���?���q�m��w��3sw���:��7{G}sW���]����g6�u�^�קr'��)��ܩz͵�Yނ�bj�+ӭZqǩ��v�f�q�m�]�����*'�mw��(�����i���z����j��(���q�m���i���>�mw����_�ݼs�}��}�|s~�sw}wG^ᮞq�z��u�܉�&�g��*^�mz��(�&���9ݧz�"n)b�/�z�������(�͵�KޮȨ�mvҷ��[�vm�����"���ɪ�H�o�qǬ�&�+r�ׯzZ)z����l���qǬ�&�+r�ׯzZ)z����l�mv��3�ִqǽw���~��������q�7u��o�xi�+��%����}t��슉��J޲�oy�m��?�����k�&��� r��i�+��%������i�+��%��������3}�6�G������zoM8}�<��w���v��V�u�^�קr'�i�+��8i�+����}4��슉��Z޲�oy�m��?�����k�&��� r��i�+������i�+��������3i�_��<}�^q���~<���g�뇷ٮ|o~�u�^�קr'�i�+�}8i�+��8i�+��8��슉�ӊ޲�oy�m��?�����k�&��� r��i�+���i�+��4��3׶�w��k�8y�w�5��=i��۾����}i�+�}4i�+�}8��슉��J޲�oy�m��?�����k�&��� r��i�+���i�+�����3㗷�����kw�嶞{w��~�{f�����^�i�^�O6��슉��j޲�oy�m��?�����k�&��� r��i�^���i�^��<��3}�[�����f����{�6mֶݾt�����_j;��찢�l�M/z�"�}yַ��[�vm�����"���ɪ�H�oڎ��{,(��?������
+vϵ�[`�}xu������ww_q�9��^�^�o�:u��q�����=����*'�]y��(�����i���z����j��(������j;��]y�����{o�wkM]q�8o�x��z�9�o�]z��u�܉������'��ZnW������]5jX���^��5թb��{t�{ޮȨ�Mx��(�����i���z����j��(����	���m��ږ('�ױ��5��3��}Ѯz�Ow~]ѯ}۞��f�ӯx�w�w]{u�^�קr'��)�����ih���]5��^j߬����^vjZaj{���+�]5jZaj{���+�]6��슉��j޲�oy�m��?�����k�&��� r��jZaj{���+���jZaj{���+��t��3����_z����V��~���_��<�s��{F�jg^~)�